
Microsoft Visual Studio Solution File, Format Version 12.00
# Visual Studio Version 16
VisualStudioVersion = 16.0.30804.86
MinimumVisualStudioVersion = 10.0.40219.1
Project("{FAE04EC0-301F-11D3-BF4B-00C04F79EFBC}") = "Uri1118", "Uri1118\Uri1118.csproj", "{F2BBCCB5-8454-4F80-A726-D5592C157217}"
EndProject
Global
	GlobalSection(SolutionConfigurationPlatforms) = preSolution
		Debug|Any CPU = Debug|Any CPU
		Release|Any CPU = Release|Any CPU
	EndGlobalSection
	GlobalSection(ProjectConfigurationPlatforms) = postSolution
		{F2BBCCB5-8454-4F80-A726-D5592C157217}.Debug|Any CPU.ActiveCfg = Debug|Any CPU
		{F2BBCCB5-8454-4F80-A726-D5592C157217}.Debug|Any CPU.Build.0 = Debug|Any CPU
		{F2BBCCB5-8454-4F80-A726-D5592C157217}.Release|Any CPU.ActiveCfg = Release|Any CPU
		{F2BBCCB5-8454-4F80-A726-D5592C157217}.Release|Any CPU.Build.0 = Release|Any CPU
	EndGlobalSection
	GlobalSection(SolutionProperties) = preSolution
		HideSolutionNode = FALSE
	EndGlobalSection
	GlobalSection(ExtensibilityGlobals) = postSolution
		SolutionGuid = {94AED8A4-B5C4-4368-BEE8-D616B932607E}
	EndGlobalSection
EndGlobal
